{
  "nodes": {
    "nixpkgs": {
      "locked": {
        "lastModified": 1724011724,
        "narHash": "sha256-YMMETBa2U31DJHuQkOjFTrdn89KEz1WfyG4HCUQzcXU=",
        "owner": "nixos",
        "repo": "nixpkgs",
        "rev": "757247cb45d828a765660149e687a610a31ab622",
        "type": "github"
      },
      "original": {
        "owner": "nixos",
        "repo": "nixpkgs",
        "type": "github"
      }
    },
    "root": {
      "inputs": {
        "nixpkgs": "nixpkgs",
        "systems": "systems"
      }
    },
    "systems": {
      "locked": {
        "lastModified": 1689347949,
        "narHash": "sha256-12tWmuL2zgBgZkdoB6qXZsgJEH9LR3oUgpaQq2RbI80=",
        "owner": "nix-systems",
        "repo": "default-linux",
        "rev": "31732fcf5e8fea42e59c2488ad31a0e651500f68",
        "type": "github"
      },
      "original": {
        "owner": "nix-systems",
        "repo": "default-linux",
        "type": "github"
      }
    }
  },
  "root": "root",
  "version": 7
}
