# This file is automatically @generated by Poetry 1.4.2 and should not be changed by hand.

[[package]]
name = "dearpygui"
version = "1.10.1"
description = "DearPyGui: A simple Python GUI Toolkit"
category = "main"
optional = false
python-versions = ">=3.7"
files = [
    {file = "dearpygui-1.10.1-cp310-cp310-macosx_10_6_x86_64.whl", hash = "sha256:ef1f1a8dbbd2dac9ea4fbf9d37e7812741e9a33de03ce385e398258750966a85"},
    {file = "dearpygui-1.10.1-cp310-cp310-manylinux1_x86_64.whl", hash = "sha256:7dc32b229d89b10ec4f647414738783afc2d6aa09c28c9f7384b07023b6ee261"},
    {file = "dearpygui-1.10.1-cp310-cp310-win_amd64.whl", hash = "sha256:8047f4ac06fb774c1335a98d3dbb47337b07e17629a85789740298a61e6ae999"},
    {file = "dearpygui-1.10.1-cp311-cp311-macosx_10_6_x86_64.whl", hash = "sha256:e87016bdd388d0e33080cd2033047f6c58df7808e1c3e14a1b0d736b2184e1ce"},
    {file = "dearpygui-1.10.1-cp311-cp311-manylinux1_x86_64.whl", hash = "sha256:ac4e1cb01cd53490df20365645fbd0296bac093b8a415c805c18cad0aa85cac6"},
    {file = "dearpygui-1.10.1-cp311-cp311-win_amd64.whl", hash = "sha256:1711a5cc991eaa6bc8a7a3cadb3845236c16b6753dc46b2fd1f4285db57d998e"},
    {file = "dearpygui-1.10.1-cp312-cp312-macosx_10_6_x86_64.whl", hash = "sha256:e506507ee5344bb8d059d333c4dd77cd61bb4850f66fc4b5508ffa4f456f5a98"},
    {file = "dearpygui-1.10.1-cp312-cp312-manylinux1_x86_64.whl", hash = "sha256:ed0d58e057636c4b79aee14d09b78042b122f42a6bef08d9901239de3361449d"},
    {file = "dearpygui-1.10.1-cp312-cp312-win_amd64.whl", hash = "sha256:5350d2a03da789684fcd384d7ee9e0ea029ecf134bef30d134c439d35c9d60b4"},
    {file = "dearpygui-1.10.1-cp37-cp37m-macosx_10_6_x86_64.whl", hash = "sha256:d36b16afd0dd22674a59195e2ba37b787ea18bfb4ca96c460d6b7795f2c56980"},
    {file = "dearpygui-1.10.1-cp37-cp37m-manylinux1_x86_64.whl", hash = "sha256:2d94b23bed91e121ad4556b811fe164598c5b4dc94a19e3195bb70a4ff632759"},
    {file = "dearpygui-1.10.1-cp37-cp37m-win_amd64.whl", hash = "sha256:d1b877a147971e062d3c006027e880fd2b88dad9d198620f12b8407dddb1f795"},
    {file = "dearpygui-1.10.1-cp38-cp38-macosx_10_6_x86_64.whl", hash = "sha256:0e30634f1f8c13994ec59c58048e97103e672f792145a57aab4a7c39c6445e5e"},
    {file = "dearpygui-1.10.1-cp38-cp38-manylinux1_x86_64.whl", hash = "sha256:d2cb73d22ec6c186c039c60c22efa5fc94f0562793bf20996d9eeae5ee601d55"},
    {file = "dearpygui-1.10.1-cp38-cp38-win_amd64.whl", hash = "sha256:2a8a1305ad6bfbc6f46968067b7f02d8404f2df21a13627e8c93cdabbb30f37b"},
    {file = "dearpygui-1.10.1-cp39-cp39-macosx_10_6_x86_64.whl", hash = "sha256:a2e722e5b1fb8ab8d25e3ed82a790778849c1c66a522a327a73e25e218f98873"},
    {file = "dearpygui-1.10.1-cp39-cp39-manylinux1_x86_64.whl", hash = "sha256:358a221d5f53b584e7bbc76e2ad7ca012991debdd74ea3a6cfc8e2ed0ea51c92"},
    {file = "dearpygui-1.10.1-cp39-cp39-win_amd64.whl", hash = "sha256:5ccb75b5377e5d4fcd6358ac2164418301b2747a78fee55422e3995d167d364a"},
]

[[package]]
name = "ffmpeg-python"
version = "0.2.0"
description = "Python bindings for FFmpeg - with complex filtering support"
category = "main"
optional = false
python-versions = "*"
files = [
    {file = "ffmpeg-python-0.2.0.tar.gz", hash = "sha256:65225db34627c578ef0e11c8b1eb528bb35e024752f6f10b78c011f6f64c4127"},
    {file = "ffmpeg_python-0.2.0-py3-none-any.whl", hash = "sha256:ac441a0404e053f8b6a1113a77c0f452f1cfc62f6344a769475ffdc0f56c23c5"},
]

[package.dependencies]
future = "*"

[package.extras]
dev = ["Sphinx (==2.1.0)", "future (==0.17.1)", "numpy (==1.16.4)", "pytest (==4.6.1)", "pytest-mock (==1.10.4)", "tox (==3.12.1)"]

[[package]]
name = "future"
version = "0.18.3"
description = "Clean single-source support for Python 3 and 2"
category = "main"
optional = false
python-versions = ">=2.6, !=3.0.*, !=3.1.*, !=3.2.*"
files = [
    {file = "future-0.18.3.tar.gz", hash = "sha256:34a17436ed1e96697a86f9de3d15a3b0be01d8bc8de9c1dffd59fb8234ed5307"},
]

[[package]]
name = "graphviz"
version = "0.20.1"
description = "Simple Python interface for Graphviz"
category = "main"
optional = true
python-versions = ">=3.7"
files = [
    {file = "graphviz-0.20.1-py3-none-any.whl", hash = "sha256:587c58a223b51611c0cf461132da386edd896a029524ca61a1462b880bf97977"},
    {file = "graphviz-0.20.1.zip", hash = "sha256:8c58f14adaa3b947daf26c19bc1e98c4e0702cdc31cf99153e6f06904d492bf8"},
]

[package.extras]
dev = ["flake8", "pep8-naming", "tox (>=3)", "twine", "wheel"]
docs = ["sphinx (>=5)", "sphinx-autodoc-typehints", "sphinx-rtd-theme"]
test = ["coverage", "mock (>=4)", "pytest (>=7)", "pytest-cov", "pytest-mock (>=3)"]

[[package]]
name = "numpy"
version = "1.26.1"
description = "Fundamental package for array computing in Python"
category = "main"
optional = false
python-versions = "<3.13,>=3.9"
files = [
    {file = "numpy-1.26.1-cp310-cp310-macosx_10_9_x86_64.whl", hash = "sha256:82e871307a6331b5f09efda3c22e03c095d957f04bf6bc1804f30048d0e5e7af"},
    {file = "numpy-1.26.1-cp310-cp310-macosx_11_0_arm64.whl", hash = "sha256:cdd9ec98f0063d93baeb01aad472a1a0840dee302842a2746a7a8e92968f9575"},
    {file = "numpy-1.26.1-cp310-cp310-manylinux_2_17_aarch64.manylinux2014_aarch64.whl", hash = "sha256:d78f269e0c4fd365fc2992c00353e4530d274ba68f15e968d8bc3c69ce5f5244"},
    {file = "numpy-1.26.1-cp310-cp310-manylinux_2_17_x86_64.manylinux2014_x86_64.whl", hash = "sha256:8ab9163ca8aeb7fd32fe93866490654d2f7dda4e61bc6297bf72ce07fdc02f67"},
    {file = "numpy-1.26.1-cp310-cp310-musllinux_1_1_x86_64.whl", hash = "sha256:78ca54b2f9daffa5f323f34cdf21e1d9779a54073f0018a3094ab907938331a2"},
    {file = "numpy-1.26.1-cp310-cp310-win32.whl", hash = "sha256:d1cfc92db6af1fd37a7bb58e55c8383b4aa1ba23d012bdbba26b4bcca45ac297"},
    {file = "numpy-1.26.1-cp310-cp310-win_amd64.whl", hash = "sha256:d2984cb6caaf05294b8466966627e80bf6c7afd273279077679cb010acb0e5ab"},
    {file = "numpy-1.26.1-cp311-cp311-macosx_10_9_x86_64.whl", hash = "sha256:cd7837b2b734ca72959a1caf3309457a318c934abef7a43a14bb984e574bbb9a"},
    {file = "numpy-1.26.1-cp311-cp311-macosx_11_0_arm64.whl", hash = "sha256:1c59c046c31a43310ad0199d6299e59f57a289e22f0f36951ced1c9eac3665b9"},
    {file = "numpy-1.26.1-cp311-cp311-manylinux_2_17_aarch64.manylinux2014_aarch64.whl", hash = "sha256:d58e8c51a7cf43090d124d5073bc29ab2755822181fcad978b12e144e5e5a4b3"},
    {file = "numpy-1.26.1-cp311-cp311-manylinux_2_17_x86_64.manylinux2014_x86_64.whl", hash = "sha256:6081aed64714a18c72b168a9276095ef9155dd7888b9e74b5987808f0dd0a974"},
    {file = "numpy-1.26.1-cp311-cp311-musllinux_1_1_x86_64.whl", hash = "sha256:97e5d6a9f0702c2863aaabf19f0d1b6c2628fbe476438ce0b5ce06e83085064c"},
    {file = "numpy-1.26.1-cp311-cp311-win32.whl", hash = "sha256:b9d45d1dbb9de84894cc50efece5b09939752a2d75aab3a8b0cef6f3a35ecd6b"},
    {file = "numpy-1.26.1-cp311-cp311-win_amd64.whl", hash = "sha256:3649d566e2fc067597125428db15d60eb42a4e0897fc48d28cb75dc2e0454e53"},
    {file = "numpy-1.26.1-cp312-cp312-macosx_10_9_x86_64.whl", hash = "sha256:1d1bd82d539607951cac963388534da3b7ea0e18b149a53cf883d8f699178c0f"},
    {file = "numpy-1.26.1-cp312-cp312-macosx_11_0_arm64.whl", hash = "sha256:afd5ced4e5a96dac6725daeb5242a35494243f2239244fad10a90ce58b071d24"},
    {file = "numpy-1.26.1-cp312-cp312-manylinux_2_17_aarch64.manylinux2014_aarch64.whl", hash = "sha256:a03fb25610ef560a6201ff06df4f8105292ba56e7cdd196ea350d123fc32e24e"},
    {file = "numpy-1.26.1-cp312-cp312-manylinux_2_17_x86_64.manylinux2014_x86_64.whl", hash = "sha256:dcfaf015b79d1f9f9c9fd0731a907407dc3e45769262d657d754c3a028586124"},
    {file = "numpy-1.26.1-cp312-cp312-musllinux_1_1_x86_64.whl", hash = "sha256:e509cbc488c735b43b5ffea175235cec24bbc57b227ef1acc691725beb230d1c"},
    {file = "numpy-1.26.1-cp312-cp312-win32.whl", hash = "sha256:af22f3d8e228d84d1c0c44c1fbdeb80f97a15a0abe4f080960393a00db733b66"},
    {file = "numpy-1.26.1-cp312-cp312-win_amd64.whl", hash = "sha256:9f42284ebf91bdf32fafac29d29d4c07e5e9d1af862ea73686581773ef9e73a7"},
    {file = "numpy-1.26.1-cp39-cp39-macosx_10_9_x86_64.whl", hash = "sha256:bb894accfd16b867d8643fc2ba6c8617c78ba2828051e9a69511644ce86ce83e"},
    {file = "numpy-1.26.1-cp39-cp39-macosx_11_0_arm64.whl", hash = "sha256:e44ccb93f30c75dfc0c3aa3ce38f33486a75ec9abadabd4e59f114994a9c4617"},
    {file = "numpy-1.26.1-cp39-cp39-manylinux_2_17_aarch64.manylinux2014_aarch64.whl", hash = "sha256:9696aa2e35cc41e398a6d42d147cf326f8f9d81befcb399bc1ed7ffea339b64e"},
    {file = "numpy-1.26.1-cp39-cp39-manylinux_2_17_x86_64.manylinux2014_x86_64.whl", hash = "sha256:a5b411040beead47a228bde3b2241100454a6abde9df139ed087bd73fc0a4908"},
    {file = "numpy-1.26.1-cp39-cp39-musllinux_1_1_x86_64.whl", hash = "sha256:1e11668d6f756ca5ef534b5be8653d16c5352cbb210a5c2a79ff288e937010d5"},
    {file = "numpy-1.26.1-cp39-cp39-win32.whl", hash = "sha256:d1d2c6b7dd618c41e202c59c1413ef9b2c8e8a15f5039e344af64195459e3104"},
    {file = "numpy-1.26.1-cp39-cp39-win_amd64.whl", hash = "sha256:59227c981d43425ca5e5c01094d59eb14e8772ce6975d4b2fc1e106a833d5ae2"},
    {file = "numpy-1.26.1-pp39-pypy39_pp73-macosx_10_9_x86_64.whl", hash = "sha256:06934e1a22c54636a059215d6da99e23286424f316fddd979f5071093b648668"},
    {file = "numpy-1.26.1-pp39-pypy39_pp73-manylinux_2_17_x86_64.manylinux2014_x86_64.whl", hash = "sha256:76ff661a867d9272cd2a99eed002470f46dbe0943a5ffd140f49be84f68ffc42"},
    {file = "numpy-1.26.1-pp39-pypy39_pp73-win_amd64.whl", hash = "sha256:6965888d65d2848e8768824ca8288db0a81263c1efccec881cb35a0d805fcd2f"},
    {file = "numpy-1.26.1.tar.gz", hash = "sha256:c8c6c72d4a9f831f328efb1312642a1cafafaa88981d9ab76368d50d07d93cbe"},
]

[[package]]
name = "pillow"
version = "10.1.0"
description = "Python Imaging Library (Fork)"
category = "main"
optional = false
python-versions = ">=3.8"
files = [
    {file = "Pillow-10.1.0-cp310-cp310-macosx_10_10_x86_64.whl", hash = "sha256:1ab05f3db77e98f93964697c8efc49c7954b08dd61cff526b7f2531a22410106"},
    {file = "Pillow-10.1.0-cp310-cp310-macosx_11_0_arm64.whl", hash = "sha256:6932a7652464746fcb484f7fc3618e6503d2066d853f68a4bd97193a3996e273"},
    {file = "Pillow-10.1.0-cp310-cp310-manylinux_2_17_aarch64.manylinux2014_aarch64.whl", hash = "sha256:a5f63b5a68daedc54c7c3464508d8c12075e56dcfbd42f8c1bf40169061ae666"},
    {file = "Pillow-10.1.0-cp310-cp310-manylinux_2_17_x86_64.manylinux2014_x86_64.whl", hash = "sha256:c0949b55eb607898e28eaccb525ab104b2d86542a85c74baf3a6dc24002edec2"},
    {file = "Pillow-10.1.0-cp310-cp310-manylinux_2_28_aarch64.whl", hash = "sha256:ae88931f93214777c7a3aa0a8f92a683f83ecde27f65a45f95f22d289a69e593"},
    {file = "Pillow-10.1.0-cp310-cp310-manylinux_2_28_x86_64.whl", hash = "sha256:b0eb01ca85b2361b09480784a7931fc648ed8b7836f01fb9241141b968feb1db"},
    {file = "Pillow-10.1.0-cp310-cp310-musllinux_1_1_aarch64.whl", hash = "sha256:d27b5997bdd2eb9fb199982bb7eb6164db0426904020dc38c10203187ae2ff2f"},
    {file = "Pillow-10.1.0-cp310-cp310-musllinux_1_1_x86_64.whl", hash = "sha256:7df5608bc38bd37ef585ae9c38c9cd46d7c81498f086915b0f97255ea60c2818"},
    {file = "Pillow-10.1.0-cp310-cp310-win_amd64.whl", hash = "sha256:41f67248d92a5e0a2076d3517d8d4b1e41a97e2df10eb8f93106c89107f38b57"},
    {file = "Pillow-10.1.0-cp311-cp311-macosx_10_10_x86_64.whl", hash = "sha256:1fb29c07478e6c06a46b867e43b0bcdb241b44cc52be9bc25ce5944eed4648e7"},
    {file = "Pillow-10.1.0-cp311-cp311-macosx_11_0_arm64.whl", hash = "sha256:2cdc65a46e74514ce742c2013cd4a2d12e8553e3a2563c64879f7c7e4d28bce7"},
    {file = "Pillow-10.1.0-cp311-cp311-manylinux_2_17_aarch64.manylinux2014_aarch64.whl", hash = "sha256:50d08cd0a2ecd2a8657bd3d82c71efd5a58edb04d9308185d66c3a5a5bed9610"},
    {file = "Pillow-10.1.0-cp311-cp311-manylinux_2_17_x86_64.manylinux2014_x86_64.whl", hash = "sha256:062a1610e3bc258bff2328ec43f34244fcec972ee0717200cb1425214fe5b839"},
    {file = "Pillow-10.1.0-cp311-cp311-manylinux_2_28_aarch64.whl", hash = "sha256:61f1a9d247317fa08a308daaa8ee7b3f760ab1809ca2da14ecc88ae4257d6172"},
    {file = "Pillow-10.1.0-cp311-cp311-manylinux_2_28_x86_64.whl", hash = "sha256:a646e48de237d860c36e0db37ecaecaa3619e6f3e9d5319e527ccbc8151df061"},
    {file = "Pillow-10.1.0-cp311-cp311-musllinux_1_1_aarch64.whl", hash = "sha256:47e5bf85b80abc03be7455c95b6d6e4896a62f6541c1f2ce77a7d2bb832af262"},
    {file = "Pillow-10.1.0-cp311-cp311-musllinux_1_1_x86_64.whl", hash = "sha256:a92386125e9ee90381c3369f57a2a50fa9e6aa8b1cf1d9c4b200d41a7dd8e992"},
    {file = "Pillow-10.1.0-cp311-cp311-win_amd64.whl", hash = "sha256:0f7c276c05a9767e877a0b4c5050c8bee6a6d960d7f0c11ebda6b99746068c2a"},
    {file = "Pillow-10.1.0-cp312-cp312-macosx_10_10_x86_64.whl", hash = "sha256:a89b8312d51715b510a4fe9fc13686283f376cfd5abca8cd1c65e4c76e21081b"},
    {file = "Pillow-10.1.0-cp312-cp312-macosx_11_0_arm64.whl", hash = "sha256:00f438bb841382b15d7deb9a05cc946ee0f2c352653c7aa659e75e592f6fa17d"},
    {file = "Pillow-10.1.0-cp312-cp312-manylinux_2_17_aarch64.manylinux2014_aarch64.whl", hash = "sha256:3d929a19f5469b3f4df33a3df2983db070ebb2088a1e145e18facbc28cae5b27"},
    {file = "Pillow-10.1.0-cp312-cp312-manylinux_2_17_x86_64.manylinux2014_x86_64.whl", hash = "sha256:9a92109192b360634a4489c0c756364c0c3a2992906752165ecb50544c251312"},
    {file = "Pillow-10.1.0-cp312-cp312-manylinux_2_28_aarch64.whl", hash = "sha256:0248f86b3ea061e67817c47ecbe82c23f9dd5d5226200eb9090b3873d3ca32de"},
    {file = "Pillow-10.1.0-cp312-cp312-manylinux_2_28_x86_64.whl", hash = "sha256:9882a7451c680c12f232a422730f986a1fcd808da0fd428f08b671237237d651"},
    {file = "Pillow-10.1.0-cp312-cp312-musllinux_1_1_aarch64.whl", hash = "sha256:1c3ac5423c8c1da5928aa12c6e258921956757d976405e9467c5f39d1d577a4b"},
    {file = "Pillow-10.1.0-cp312-cp312-musllinux_1_1_x86_64.whl", hash = "sha256:806abdd8249ba3953c33742506fe414880bad78ac25cc9a9b1c6ae97bedd573f"},
    {file = "Pillow-10.1.0-cp312-cp312-win_amd64.whl", hash = "sha256:eaed6977fa73408b7b8a24e8b14e59e1668cfc0f4c40193ea7ced8e210adf996"},
    {file = "Pillow-10.1.0-cp38-cp38-macosx_10_10_x86_64.whl", hash = "sha256:fe1e26e1ffc38be097f0ba1d0d07fcade2bcfd1d023cda5b29935ae8052bd793"},
    {file = "Pillow-10.1.0-cp38-cp38-macosx_11_0_arm64.whl", hash = "sha256:7a7e3daa202beb61821c06d2517428e8e7c1aab08943e92ec9e5755c2fc9ba5e"},
    {file = "Pillow-10.1.0-cp38-cp38-manylinux_2_17_aarch64.manylinux2014_aarch64.whl", hash = "sha256:24fadc71218ad2b8ffe437b54876c9382b4a29e030a05a9879f615091f42ffc2"},
    {file = "Pillow-10.1.0-cp38-cp38-manylinux_2_17_x86_64.manylinux2014_x86_64.whl", hash = "sha256:fa1d323703cfdac2036af05191b969b910d8f115cf53093125e4058f62012c9a"},
    {file = "Pillow-10.1.0-cp38-cp38-manylinux_2_28_aarch64.whl", hash = "sha256:912e3812a1dbbc834da2b32299b124b5ddcb664ed354916fd1ed6f193f0e2d01"},
    {file = "Pillow-10.1.0-cp38-cp38-manylinux_2_28_x86_64.whl", hash = "sha256:7dbaa3c7de82ef37e7708521be41db5565004258ca76945ad74a8e998c30af8d"},
    {file = "Pillow-10.1.0-cp38-cp38-musllinux_1_1_aarch64.whl", hash = "sha256:9d7bc666bd8c5a4225e7ac71f2f9d12466ec555e89092728ea0f5c0c2422ea80"},
    {file = "Pillow-10.1.0-cp38-cp38-musllinux_1_1_x86_64.whl", hash = "sha256:baada14941c83079bf84c037e2d8b7506ce201e92e3d2fa0d1303507a8538212"},
    {file = "Pillow-10.1.0-cp38-cp38-win_amd64.whl", hash = "sha256:2ef6721c97894a7aa77723740a09547197533146fba8355e86d6d9a4a1056b14"},
    {file = "Pillow-10.1.0-cp39-cp39-macosx_10_10_x86_64.whl", hash = "sha256:0a026c188be3b443916179f5d04548092e253beb0c3e2ee0a4e2cdad72f66099"},
    {file = "Pillow-10.1.0-cp39-cp39-macosx_11_0_arm64.whl", hash = "sha256:04f6f6149f266a100374ca3cc368b67fb27c4af9f1cc8cb6306d849dcdf12616"},
    {file = "Pillow-10.1.0-cp39-cp39-manylinux_2_17_aarch64.manylinux2014_aarch64.whl", hash = "sha256:bb40c011447712d2e19cc261c82655f75f32cb724788df315ed992a4d65696bb"},
    {file = "Pillow-10.1.0-cp39-cp39-manylinux_2_17_x86_64.manylinux2014_x86_64.whl", hash = "sha256:1a8413794b4ad9719346cd9306118450b7b00d9a15846451549314a58ac42219"},
    {file = "Pillow-10.1.0-cp39-cp39-manylinux_2_28_aarch64.whl", hash = "sha256:c9aeea7b63edb7884b031a35305629a7593272b54f429a9869a4f63a1bf04c34"},
    {file = "Pillow-10.1.0-cp39-cp39-manylinux_2_28_x86_64.whl", hash = "sha256:b4005fee46ed9be0b8fb42be0c20e79411533d1fd58edabebc0dd24626882cfd"},
    {file = "Pillow-10.1.0-cp39-cp39-musllinux_1_1_aarch64.whl", hash = "sha256:4d0152565c6aa6ebbfb1e5d8624140a440f2b99bf7afaafbdbf6430426497f28"},
    {file = "Pillow-10.1.0-cp39-cp39-musllinux_1_1_x86_64.whl", hash = "sha256:d921bc90b1defa55c9917ca6b6b71430e4286fc9e44c55ead78ca1a9f9eba5f2"},
    {file = "Pillow-10.1.0-cp39-cp39-win_amd64.whl", hash = "sha256:cfe96560c6ce2f4c07d6647af2d0f3c54cc33289894ebd88cfbb3bcd5391e256"},
    {file = "Pillow-10.1.0-pp310-pypy310_pp73-macosx_10_10_x86_64.whl", hash = "sha256:937bdc5a7f5343d1c97dc98149a0be7eb9704e937fe3dc7140e229ae4fc572a7"},
    {file = "Pillow-10.1.0-pp310-pypy310_pp73-manylinux_2_17_x86_64.manylinux2014_x86_64.whl", hash = "sha256:b1c25762197144e211efb5f4e8ad656f36c8d214d390585d1d21281f46d556ba"},
    {file = "Pillow-10.1.0-pp310-pypy310_pp73-manylinux_2_28_x86_64.whl", hash = "sha256:afc8eef765d948543a4775f00b7b8c079b3321d6b675dde0d02afa2ee23000b4"},
    {file = "Pillow-10.1.0-pp310-pypy310_pp73-win_amd64.whl", hash = "sha256:883f216eac8712b83a63f41b76ddfb7b2afab1b74abbb413c5df6680f071a6b9"},
    {file = "Pillow-10.1.0-pp39-pypy39_pp73-macosx_10_10_x86_64.whl", hash = "sha256:b920e4d028f6442bea9a75b7491c063f0b9a3972520731ed26c83e254302eb1e"},
    {file = "Pillow-10.1.0-pp39-pypy39_pp73-manylinux_2_17_x86_64.manylinux2014_x86_64.whl", hash = "sha256:1c41d960babf951e01a49c9746f92c5a7e0d939d1652d7ba30f6b3090f27e412"},
    {file = "Pillow-10.1.0-pp39-pypy39_pp73-manylinux_2_28_x86_64.whl", hash = "sha256:1fafabe50a6977ac70dfe829b2d5735fd54e190ab55259ec8aea4aaea412fa0b"},
    {file = "Pillow-10.1.0-pp39-pypy39_pp73-win_amd64.whl", hash = "sha256:3b834f4b16173e5b92ab6566f0473bfb09f939ba14b23b8da1f54fa63e4b623f"},
    {file = "Pillow-10.1.0.tar.gz", hash = "sha256:e6bf8de6c36ed96c86ea3b6e1d5273c53f46ef518a062464cd7ef5dd2cf92e38"},
]

[package.extras]
docs = ["furo", "olefile", "sphinx (>=2.4)", "sphinx-copybutton", "sphinx-inline-tabs", "sphinx-removed-in", "sphinxext-opengraph"]
tests = ["check-manifest", "coverage", "defusedxml", "markdown2", "olefile", "packaging", "pyroma", "pytest", "pytest-cov", "pytest-timeout"]

[[package]]
name = "pygame"
version = "2.5.2"
description = "Python Game Development"
category = "main"
optional = false
python-versions = ">=3.6"
files = [
    {file = "pygame-2.5.2-cp310-cp310-macosx_10_9_x86_64.whl", hash = "sha256:a0769eb628c818761755eb0a0ca8216b95270ea8cbcbc82227e39ac9644643da"},
    {file = "pygame-2.5.2-cp310-cp310-macosx_11_0_arm64.whl", hash = "sha256:ed9a3d98adafa0805ccbaaff5d2996a2b5795381285d8437a4a5d248dbd12b4a"},
    {file = "pygame-2.5.2-cp310-cp310-manylinux_2_17_aarch64.manylinux2014_aarch64.whl", hash = "sha256:f30d1618672a55e8c6669281ba264464b3ab563158e40d89e8c8b3faa0febebd"},
    {file = "pygame-2.5.2-cp310-cp310-manylinux_2_17_i686.manylinux2014_i686.whl", hash = "sha256:39690e9be9baf58b7359d1f3b2336e1fd6f92fedbbce42987be5df27f8d30718"},
    {file = "pygame-2.5.2-cp310-cp310-manylinux_2_17_x86_64.manylinux2014_x86_64.whl", hash = "sha256:03879ec299c9f4ba23901b2649a96b2143f0a5d787f0b6c39469989e2320caf1"},
    {file = "pygame-2.5.2-cp310-cp310-win32.whl", hash = "sha256:74e1d6284100e294f445832e6f6343be4fe4748decc4f8a51131ae197dae8584"},
    {file = "pygame-2.5.2-cp310-cp310-win_amd64.whl", hash = "sha256:485239c7d32265fd35b76ae8f64f34b0637ae11e69d76de15710c4b9edcc7c8d"},
    {file = "pygame-2.5.2-cp311-cp311-macosx_10_9_x86_64.whl", hash = "sha256:34646ca20e163dc6f6cf8170f1e12a2e41726780112594ac061fa448cf7ccd75"},
    {file = "pygame-2.5.2-cp311-cp311-macosx_11_0_arm64.whl", hash = "sha256:3b8a6e351665ed26ea791f0e1fd649d3f483e8681892caef9d471f488f9ea5ee"},
    {file = "pygame-2.5.2-cp311-cp311-manylinux_2_17_aarch64.manylinux2014_aarch64.whl", hash = "sha256:dc346965847aef00013fa2364f41a64f068cd096dcc7778fc306ca3735f0eedf"},
    {file = "pygame-2.5.2-cp311-cp311-manylinux_2_17_i686.manylinux2014_i686.whl", hash = "sha256:35632035fd81261f2d797fa810ea8c46111bd78ceb6089d52b61ed7dc3c5d05f"},
    {file = "pygame-2.5.2-cp311-cp311-manylinux_2_17_x86_64.manylinux2014_x86_64.whl", hash = "sha256:0e24d05184e4195fe5ebcdce8b18ecb086f00182b9ae460a86682d312ce8d31f"},
    {file = "pygame-2.5.2-cp311-cp311-win32.whl", hash = "sha256:f02c1c7505af18d426d355ac9872bd5c916b27f7b0fe224749930662bea47a50"},
    {file = "pygame-2.5.2-cp311-cp311-win_amd64.whl", hash = "sha256:6d58c8cf937815d3b7cdc0fa9590c5129cb2c9658b72d00e8a4568dea2ff1d42"},
    {file = "pygame-2.5.2-cp312-cp312-macosx_10_9_x86_64.whl", hash = "sha256:1a2a43802bb5e89ce2b3b775744e78db4f9a201bf8d059b946c61722840ceea8"},
    {file = "pygame-2.5.2-cp312-cp312-macosx_11_0_arm64.whl", hash = "sha256:1c289f2613c44fe70a1e40769de4a49c5ab5a29b9376f1692bb1a15c9c1c9bfa"},
    {file = "pygame-2.5.2-cp312-cp312-manylinux_2_17_aarch64.manylinux2014_aarch64.whl", hash = "sha256:074aa6c6e110c925f7f27f00c7733c6303407edc61d738882985091d1eb2ef17"},
    {file = "pygame-2.5.2-cp312-cp312-manylinux_2_17_i686.manylinux2014_i686.whl", hash = "sha256:fe0228501ec616779a0b9c4299e837877783e18df294dd690b9ab0eed3d8aaab"},
    {file = "pygame-2.5.2-cp312-cp312-manylinux_2_17_x86_64.manylinux2014_x86_64.whl", hash = "sha256:31648d38ecdc2335ffc0e38fb18a84b3339730521505dac68514f83a1092e3f4"},
    {file = "pygame-2.5.2-cp312-cp312-win32.whl", hash = "sha256:224c308856334bc792f696e9278e50d099a87c116f7fc314cd6aa3ff99d21592"},
    {file = "pygame-2.5.2-cp312-cp312-win_amd64.whl", hash = "sha256:dd2d2650faf54f9a0f5bd0db8409f79609319725f8f08af6507a0609deadcad4"},
    {file = "pygame-2.5.2-cp36-cp36m-macosx_10_9_x86_64.whl", hash = "sha256:9b30bc1220c457169571aac998e54b013aaeb732d2fd8744966cb1cfab1f61d1"},
    {file = "pygame-2.5.2-cp36-cp36m-manylinux_2_17_aarch64.manylinux2014_aarch64.whl", hash = "sha256:78fcd7643358b886a44127ff7dec9041c056c212b3a98977674f83f99e9b12d3"},
    {file = "pygame-2.5.2-cp36-cp36m-manylinux_2_17_i686.manylinux2014_i686.whl", hash = "sha256:35cf093a51cb294ede56c29d4acf41538c00f297fcf78a9b186fb7d23c0577b6"},
    {file = "pygame-2.5.2-cp36-cp36m-manylinux_2_17_x86_64.manylinux2014_x86_64.whl", hash = "sha256:6fe323acbf53a0195c8c98b1b941eba7ac24e3e2b28ae48e8cda566f15fc4945"},
    {file = "pygame-2.5.2-cp36-cp36m-win32.whl", hash = "sha256:5697528266b4716d9cdd44a5a1d210f4d86ef801d0f64ca5da5d0816704009d9"},
    {file = "pygame-2.5.2-cp36-cp36m-win_amd64.whl", hash = "sha256:edda1f7cff4806a4fa39e0e8ccd75f38d1d340fa5fc52d8582ade87aca247d92"},
    {file = "pygame-2.5.2-cp37-cp37m-macosx_10_9_x86_64.whl", hash = "sha256:9bd738fd4ecc224769d0b4a719f96900a86578e26e0105193658a32966df2aae"},
    {file = "pygame-2.5.2-cp37-cp37m-manylinux_2_17_aarch64.manylinux2014_aarch64.whl", hash = "sha256:30a8d7cf12363b4140bf2f93b5eec4028376ca1d0fe4b550588f836279485308"},
    {file = "pygame-2.5.2-cp37-cp37m-manylinux_2_17_i686.manylinux2014_i686.whl", hash = "sha256:bc12e4dea3e88ea8a553de6d56a37b704dbe2aed95105889f6afeb4b96e62097"},
    {file = "pygame-2.5.2-cp37-cp37m-manylinux_2_17_x86_64.manylinux2014_x86_64.whl", hash = "sha256:2b34c73cb328024f8db3cb6487a37e54000148988275d8d6e5adf99d9323c937"},
    {file = "pygame-2.5.2-cp37-cp37m-win32.whl", hash = "sha256:7d0a2794649defa57ef50b096a99f7113d3d0c2e32d1426cafa7d618eadce4c7"},
    {file = "pygame-2.5.2-cp37-cp37m-win_amd64.whl", hash = "sha256:41f8779f52e0f6e6e6ccb8f0b5536e432bf386ee29c721a1c22cada7767b0cef"},
    {file = "pygame-2.5.2-cp38-cp38-macosx_10_9_x86_64.whl", hash = "sha256:677e37bc0ea7afd89dde5a88ced4458aa8656159c70a576eea68b5622ee1997b"},
    {file = "pygame-2.5.2-cp38-cp38-macosx_11_0_arm64.whl", hash = "sha256:47a8415d2bd60e6909823b5643a1d4ef5cc29417d817f2a214b255f6fa3a1e4c"},
    {file = "pygame-2.5.2-cp38-cp38-manylinux_2_17_aarch64.manylinux2014_aarch64.whl", hash = "sha256:4ff21201df6278b8ca2e948fb148ffe88f5481fd03760f381dd61e45954c7dff"},
    {file = "pygame-2.5.2-cp38-cp38-manylinux_2_17_i686.manylinux2014_i686.whl", hash = "sha256:d29a84b2e02814b9ba925357fd2e1df78efe5e1aa64dc3051eaed95d2b96eafd"},
    {file = "pygame-2.5.2-cp38-cp38-manylinux_2_17_x86_64.manylinux2014_x86_64.whl", hash = "sha256:d78485c4d21133d6b2fbb504cd544ca655e50b6eb551d2995b3aa6035928adda"},
    {file = "pygame-2.5.2-cp38-cp38-win32.whl", hash = "sha256:d851247239548aa357c4a6840fb67adc2d570ce7cb56988d036a723d26b48bff"},
    {file = "pygame-2.5.2-cp38-cp38-win_amd64.whl", hash = "sha256:88d1cdacc2d3471eceab98bf0c93c14d3a8461f93e58e3d926f20d4de3a75554"},
    {file = "pygame-2.5.2-cp39-cp39-macosx_10_9_x86_64.whl", hash = "sha256:4f1559e7efe4efb9dc19d2d811d702f325d9605f9f6f9ececa39ee6890c798f5"},
    {file = "pygame-2.5.2-cp39-cp39-macosx_11_0_arm64.whl", hash = "sha256:cf2191b756ceb0e8458a761d0c665b0c70b538570449e0d39b75a5ba94ac5cf0"},
    {file = "pygame-2.5.2-cp39-cp39-manylinux_2_17_aarch64.manylinux2014_aarch64.whl", hash = "sha256:6cf2257447ce7f2d6de37e5fb019d2bbe32ed05a5721ace8bc78c2d9beaf3aee"},
    {file = "pygame-2.5.2-cp39-cp39-manylinux_2_17_i686.manylinux2014_i686.whl", hash = "sha256:d75cbbfaba2b81434d62631d0b08b85fab16cf4a36e40b80298d3868927e1299"},
    {file = "pygame-2.5.2-cp39-cp39-manylinux_2_17_x86_64.manylinux2014_x86_64.whl", hash = "sha256:daca456d5b9f52e088e06a127dec182b3638a775684fb2260f25d664351cf1ae"},
    {file = "pygame-2.5.2-cp39-cp39-win32.whl", hash = "sha256:3b3e619e33d11c297d7a57a82db40681f9c2c3ae1d5bf06003520b4fe30c435d"},
    {file = "pygame-2.5.2-cp39-cp39-win_amd64.whl", hash = "sha256:1822d534bb7fe756804647b6da2c9ea5d7a62d8796b2e15d172d3be085de28c6"},
    {file = "pygame-2.5.2-pp36-pypy36_pp73-win32.whl", hash = "sha256:e708fc8f709a0fe1d1876489345f2e443d47f3976d33455e2e1e937f972f8677"},
    {file = "pygame-2.5.2-pp37-pypy37_pp73-manylinux_2_17_i686.manylinux2014_i686.whl", hash = "sha256:c13edebc43c240fb0532969e914f0ccefff5ae7e50b0b788d08ad2c15ef793e4"},
    {file = "pygame-2.5.2-pp37-pypy37_pp73-manylinux_2_17_x86_64.manylinux2014_x86_64.whl", hash = "sha256:263b4a7cbfc9fe2055abc21b0251cc17dea6dff750f0e1c598919ff350cdbffe"},
    {file = "pygame-2.5.2-pp38-pypy38_pp73-macosx_10_9_x86_64.whl", hash = "sha256:e58e2b0c791041e4bccafa5bd7650623ba1592b8fe62ae0a276b7d0ecb314b6c"},
    {file = "pygame-2.5.2-pp38-pypy38_pp73-manylinux_2_17_i686.manylinux2014_i686.whl", hash = "sha256:a0bd67426c02ffe6c9827fc4bcbda9442fbc451d29b17c83a3c088c56fef2c90"},
    {file = "pygame-2.5.2-pp38-pypy38_pp73-manylinux_2_17_x86_64.manylinux2014_x86_64.whl", hash = "sha256:9dcff6cbba1584cf7732ce1dbdd044406cd4f6e296d13bcb7fba963fb4aeefc9"},
    {file = "pygame-2.5.2-pp39-pypy39_pp73-macosx_10_9_x86_64.whl", hash = "sha256:ce4b6c0bfe44d00bb0998a6517bd0cf9455f642f30f91bc671ad41c05bf6f6ae"},
    {file = "pygame-2.5.2-pp39-pypy39_pp73-manylinux_2_17_i686.manylinux2014_i686.whl", hash = "sha256:68c4e8e60b725ffc7a6c6ecd9bb5fcc5ed2d6e0e2a2c4a29a8454856ef16ad63"},
    {file = "pygame-2.5.2-pp39-pypy39_pp73-manylinux_2_17_x86_64.manylinux2014_x86_64.whl", hash = "sha256:1f3849f97372a3381c66955f99a0d58485ccd513c3d00c030b869094ce6997a6"},
    {file = "pygame-2.5.2.tar.gz", hash = "sha256:c1b89eb5d539e7ac5cf75513125fb5f2f0a2d918b1fd6e981f23bf0ac1b1c24a"},
]

[[package]]
name = "pyopengl"
version = "3.1.7"
description = "Standard OpenGL bindings for Python"
category = "main"
optional = false
python-versions = "*"
files = [
    {file = "PyOpenGL-3.1.7-py3-none-any.whl", hash = "sha256:a6ab19cf290df6101aaf7470843a9c46207789855746399d0af92521a0a92b7a"},
    {file = "PyOpenGL-3.1.7.tar.gz", hash = "sha256:eef31a3888e6984fd4d8e6c9961b184c9813ca82604d37fe3da80eb000a76c86"},
]

[[package]]
name = "python-sat"
version = "0.1.8.dev10"
description = "A Python library for prototyping with SAT oracles"
category = "main"
optional = false
python-versions = "*"
files = [
    {file = "python-sat-0.1.8.dev10.tar.gz", hash = "sha256:ebbeeb11f1bf657af2ff73cab96f81fd45f1ffb293b6d4e137a7fc3badc0a5ad"},
    {file = "python_sat-0.1.8.dev10-cp27-cp27m-manylinux_2_5_i686.manylinux1_i686.whl", hash = "sha256:09a88e574cf08091073f0b7f82f5e0da4a207622838192bfe641360fc86d6dcd"},
    {file = "python_sat-0.1.8.dev10-cp27-cp27m-manylinux_2_5_x86_64.manylinux1_x86_64.whl", hash = "sha256:418b8ef1ff087f5c1fe589678724e3a9fb2c3ae8baef93a694d64083fa682f53"},
    {file = "python_sat-0.1.8.dev10-cp27-cp27mu-manylinux_2_5_i686.manylinux1_i686.whl", hash = "sha256:74357d80329f67569b62597fa01d640230cd0bec6331da7c461d4e3a81a14a32"},
    {file = "python_sat-0.1.8.dev10-cp27-cp27mu-manylinux_2_5_x86_64.manylinux1_x86_64.whl", hash = "sha256:0613948eb8638ec317cbb57f329d18130dac9945f0ab40ee8346d529111b90d3"},
    {file = "python_sat-0.1.8.dev10-cp310-cp310-macosx_13_0_arm64.whl", hash = "sha256:1946e718ec83191f743d2c388e6ba86a571898858da48afa49330eee6dc4a932"},
    {file = "python_sat-0.1.8.dev10-cp310-cp310-macosx_14_0_x86_64.whl", hash = "sha256:9647a982c5300849936330b15524191dab4a1dae0b4c9be2fe48ab2a00a3e3d4"},
    {file = "python_sat-0.1.8.dev10-cp310-cp310-manylinux_2_17_aarch64.manylinux2014_aarch64.manylinux_2_28_aarch64.whl", hash = "sha256:fece667d5f6209507aeb101a1d87886b61be69422753e42dfeccdab696135abd"},
    {file = "python_sat-0.1.8.dev10-cp310-cp310-manylinux_2_17_aarch64.manylinux2014_aarch64.whl", hash = "sha256:247fe5dfb499fb6710cee553d9b6b60828cecc9f09d9182e56f2eff7003a20fd"},
    {file = "python_sat-0.1.8.dev10-cp310-cp310-manylinux_2_17_i686.manylinux2014_i686.whl", hash = "sha256:99907550840607ee1eb225978e3987117b8e01e5f95b1c5f0d0e4671870ee9a6"},
    {file = "python_sat-0.1.8.dev10-cp310-cp310-manylinux_2_17_x86_64.manylinux2014_x86_64.manylinux_2_28_x86_64.whl", hash = "sha256:43dca74505a3a23de0f38f4acaebed13efc598528fcc85e9f52ec40cc298dd4f"},
    {file = "python_sat-0.1.8.dev10-cp310-cp310-manylinux_2_17_x86_64.manylinux2014_x86_64.whl", hash = "sha256:acda2c1e933fac6d30d65ca97a84a7285c2cc185abcb747f01d129c858890c29"},
    {file = "python_sat-0.1.8.dev10-cp310-cp310-win_amd64.whl", hash = "sha256:f3fca5ccfd9f883983878d347ec3bbc09559160f0b002f0e94949bee7f8e20b1"},
    {file = "python_sat-0.1.8.dev10-cp311-cp311-macosx_14_0_arm64.whl", hash = "sha256:bae99e977cb1132d8b562605582203cc71cfe521645a79389d31bed88d73648e"},
    {file = "python_sat-0.1.8.dev10-cp311-cp311-macosx_14_0_x86_64.whl", hash = "sha256:4f435189eda011c2b45c62927ffa82b758a6d9896d77b3ff8a4a50aa71117132"},
    {file = "python_sat-0.1.8.dev10-cp311-cp311-manylinux_2_17_aarch64.manylinux2014_aarch64.manylinux_2_28_aarch64.whl", hash = "sha256:9b1382ef516481fe0d50a89d9cd848ba9bfd8ca8d24a85c9a0bf42710af31981"},
    {file = "python_sat-0.1.8.dev10-cp311-cp311-manylinux_2_17_aarch64.manylinux2014_aarch64.whl", hash = "sha256:55a27ded9dfd37519ea0c24b932daa497983875a13c4ad3bfb234bf4f235ea9c"},
    {file = "python_sat-0.1.8.dev10-cp311-cp311-manylinux_2_17_i686.manylinux2014_i686.whl", hash = "sha256:f4cec42ce9f5ba06f0cea31d53e255eaea9eaaef7c9333d29579cb66d00747b9"},
    {file = "python_sat-0.1.8.dev10-cp311-cp311-manylinux_2_17_x86_64.manylinux2014_x86_64.manylinux_2_28_x86_64.whl", hash = "sha256:095232057ddd0ca2695bcf7d91e96a59da2754e76371656741a2dcca795112b7"},
    {file = "python_sat-0.1.8.dev10-cp311-cp311-manylinux_2_17_x86_64.manylinux2014_x86_64.whl", hash = "sha256:0e6dfaf6461aad904166695cd05e455d42ea747c09640ede9759e5550c28b214"},
    {file = "python_sat-0.1.8.dev10-cp311-cp311-win_amd64.whl", hash = "sha256:e4a21ab3221d4201155ec4ce624c81012c571008293f3d6162c92ce97388816e"},
    {file = "python_sat-0.1.8.dev10-cp312-cp312-manylinux_2_17_i686.manylinux2014_i686.whl", hash = "sha256:e0ab3c530efaa463fe37faa67458fde8ae57ef747f8dbd83c7a550320b349ed0"},
    {file = "python_sat-0.1.8.dev10-cp312-cp312-manylinux_2_17_x86_64.manylinux2014_x86_64.manylinux_2_28_x86_64.whl", hash = "sha256:5b8d7349f42857e20d627366a80386cdc7b07675677c428267ee80f9d0c2fc6b"},
    {file = "python_sat-0.1.8.dev10-cp312-cp312-manylinux_2_17_x86_64.manylinux2014_x86_64.whl", hash = "sha256:e4e640432750e1b31514c82a8e5e5d009dbf4ecfac35be62dc62a19d326a9a19"},
    {file = "python_sat-0.1.8.dev10-cp312-cp312-manylinux_2_24_aarch64.manylinux_2_28_aarch64.whl", hash = "sha256:4c28f5dfd36b40f92384df9a43ba9107be342dfe47329e6817b5b830361e0b10"},
    {file = "python_sat-0.1.8.dev10-cp35-cp35m-manylinux_2_5_i686.manylinux1_i686.whl", hash = "sha256:58a1d3c8ae51f89a769e8d7096b5d6613b446964016b39dfe4a36b26d7cedf1b"},
    {file = "python_sat-0.1.8.dev10-cp35-cp35m-manylinux_2_5_x86_64.manylinux1_x86_64.whl", hash = "sha256:618c597a0473532c87e4f0b2a158daa81f871d93c8240b6808e739c2be7d1f30"},
    {file = "python_sat-0.1.8.dev10-cp36-cp36m-manylinux_2_17_aarch64.manylinux2014_aarch64.manylinux_2_28_aarch64.whl", hash = "sha256:4da0f0af5ce2d8071f6febd25f0fae594981b216f520b21175a6130dee03548e"},
    {file = "python_sat-0.1.8.dev10-cp36-cp36m-manylinux_2_17_aarch64.manylinux2014_aarch64.whl", hash = "sha256:11c92b06b3ca0e1f8f32af08353b61521a209ae231ab2a700ac9c4918ea09bd4"},
    {file = "python_sat-0.1.8.dev10-cp36-cp36m-manylinux_2_5_i686.manylinux1_i686.manylinux_2_17_i686.manylinux2014_i686.whl", hash = "sha256:64561b3b3dcdf028f68fd75918946e61ab7ac548e43549917068a0f7451fa4c0"},
    {file = "python_sat-0.1.8.dev10-cp36-cp36m-manylinux_2_5_i686.manylinux1_i686.whl", hash = "sha256:b7a172a23506585499050e8ba3eadf4ecd7e2bfbfbd09e386de773e9499b8b27"},
    {file = "python_sat-0.1.8.dev10-cp36-cp36m-manylinux_2_5_x86_64.manylinux1_x86_64.manylinux_2_17_x86_64.manylinux2014_x86_64.whl", hash = "sha256:a43cbec947062e18a98d932c51bd1e51b22a68b8d4235d01e58552146aedacad"},
    {file = "python_sat-0.1.8.dev10-cp36-cp36m-manylinux_2_5_x86_64.manylinux1_x86_64.manylinux_2_28_x86_64.whl", hash = "sha256:d76ac5b59bfcf114ff8f2c03a33389d6920b44e9a963f53a028cec5c0c195a96"},
    {file = "python_sat-0.1.8.dev10-cp36-cp36m-manylinux_2_5_x86_64.manylinux1_x86_64.whl", hash = "sha256:b0d4497220626a512ca287d84650f1750fdf739918fc8049f253134ba71f70ab"},
    {file = "python_sat-0.1.8.dev10-cp36-cp36m-win_amd64.whl", hash = "sha256:6911e06e1440da6e0d40422837d0ffa09fbd35f6822a72f41de2af85be2fe6de"},
    {file = "python_sat-0.1.8.dev10-cp37-cp37m-manylinux_2_17_aarch64.manylinux2014_aarch64.manylinux_2_28_aarch64.whl", hash = "sha256:a0d5de5a9f4585cca0c4d7a1a36935bfd3677f7b02ff8e4596375cd493f40d3b"},
    {file = "python_sat-0.1.8.dev10-cp37-cp37m-manylinux_2_17_aarch64.manylinux2014_aarch64.whl", hash = "sha256:e0617b62ed01a774777b0b2bd58d82bf79440f295954f734c609cc3933d2af95"},
    {file = "python_sat-0.1.8.dev10-cp37-cp37m-manylinux_2_5_i686.manylinux1_i686.manylinux_2_17_i686.manylinux2014_i686.whl", hash = "sha256:4db0485596d7e546b1e3ca4cfd6a1177ae4db799ba6e8cf5989aaf7962640aa5"},
    {file = "python_sat-0.1.8.dev10-cp37-cp37m-manylinux_2_5_i686.manylinux1_i686.whl", hash = "sha256:1d3cdafc65737240fb06259a9417f5f71eacafb8b6a40fff28d18e23200dd09b"},
    {file = "python_sat-0.1.8.dev10-cp37-cp37m-manylinux_2_5_x86_64.manylinux1_x86_64.manylinux_2_17_x86_64.manylinux2014_x86_64.whl", hash = "sha256:4d715cbe151d12d8eb318b29129bdd88a2378be2533fd6cb733ccb2fda54180b"},
    {file = "python_sat-0.1.8.dev10-cp37-cp37m-manylinux_2_5_x86_64.manylinux1_x86_64.manylinux_2_28_x86_64.whl", hash = "sha256:a4dce9dcc4312f250f89b7c06cd9a0b77361aa73379ed6e39f857a60ba2bb513"},
    {file = "python_sat-0.1.8.dev10-cp37-cp37m-manylinux_2_5_x86_64.manylinux1_x86_64.whl", hash = "sha256:46ead24f5c51d9ff4866e63c266657720983b4e77615d533e25628637d792b3f"},
    {file = "python_sat-0.1.8.dev10-cp37-cp37m-win_amd64.whl", hash = "sha256:50794dd01de204b3f136f3ec7630e621f3bfb3c07937fa520d2c573b433f5daa"},
    {file = "python_sat-0.1.8.dev10-cp38-cp38-macosx_13_0_arm64.whl", hash = "sha256:75e4f104d55b9b5acf4067e12316238559ffba10403641eee3a06df94f271761"},
    {file = "python_sat-0.1.8.dev10-cp38-cp38-macosx_14_0_x86_64.whl", hash = "sha256:e16e8c1ef9b73470e8f068a03056c259d89167675116414fe29b9472f0e66d92"},
    {file = "python_sat-0.1.8.dev10-cp38-cp38-manylinux_2_17_aarch64.manylinux2014_aarch64.manylinux_2_28_aarch64.whl", hash = "sha256:a7dc206ba37d2513caec9d12d07277b2f3d0498daa6e09e23de9aee044ee5853"},
    {file = "python_sat-0.1.8.dev10-cp38-cp38-manylinux_2_17_aarch64.manylinux2014_aarch64.whl", hash = "sha256:b21a2747d918a617b39a6252894fb2f9a2cd30de3f781dbf6501a0f9521d37fe"},
    {file = "python_sat-0.1.8.dev10-cp38-cp38-manylinux_2_5_i686.manylinux1_i686.manylinux_2_17_i686.manylinux2014_i686.whl", hash = "sha256:fb277e9f7ea1461e2cef57d743576d68c28248d6790dfb5eedefa9c369152e31"},
    {file = "python_sat-0.1.8.dev10-cp38-cp38-manylinux_2_5_i686.manylinux1_i686.whl", hash = "sha256:8b7802029cd82bcc93f932fa497f42149925a918d24d3756d3c5a6504b3414ff"},
    {file = "python_sat-0.1.8.dev10-cp38-cp38-manylinux_2_5_x86_64.manylinux1_x86_64.manylinux_2_17_x86_64.manylinux2014_x86_64.whl", hash = "sha256:0a4f47f5fe2684a9b0dc2e1d4caca99fac0c51633cae7d82acd65ea60f8f9e02"},
    {file = "python_sat-0.1.8.dev10-cp38-cp38-manylinux_2_5_x86_64.manylinux1_x86_64.manylinux_2_28_x86_64.whl", hash = "sha256:a6410f3b7af944e58fd85010e4079f4fd4a7bc3dd0f0806adcc9fcfca5968c68"},
    {file = "python_sat-0.1.8.dev10-cp38-cp38-manylinux_2_5_x86_64.manylinux1_x86_64.whl", hash = "sha256:98216aafd5b26deeeddd222366612938827899eb06ae7157cd9e875c4b789722"},
    {file = "python_sat-0.1.8.dev10-cp38-cp38-win_amd64.whl", hash = "sha256:fcf5bc9dca94b8ff6468bf72628eb541012f06e9edbc15a30a5ef6c69566e337"},
    {file = "python_sat-0.1.8.dev10-cp39-cp39-macosx_13_0_arm64.whl", hash = "sha256:5742de5e4987652a2e76e1fe4a0c6be1b123d441e055c7858b9dce4bdcfb730e"},
    {file = "python_sat-0.1.8.dev10-cp39-cp39-macosx_14_0_x86_64.whl", hash = "sha256:2125f36e88c8ecdeeb8da23c346173d235e9da5a7a0a524a13016ab458652a09"},
    {file = "python_sat-0.1.8.dev10-cp39-cp39-manylinux_2_17_aarch64.manylinux2014_aarch64.manylinux_2_28_aarch64.whl", hash = "sha256:b74a0e1d2ce13436422de4837dbefd6035a6e0514f7214c1c462b9873f475323"},
    {file = "python_sat-0.1.8.dev10-cp39-cp39-manylinux_2_17_aarch64.manylinux2014_aarch64.whl", hash = "sha256:0c4cf120fe4c410a947aa05a30898045aa7152f2a50a6b2242c71aa103cf4e70"},
    {file = "python_sat-0.1.8.dev10-cp39-cp39-manylinux_2_5_i686.manylinux1_i686.manylinux_2_17_i686.manylinux2014_i686.whl", hash = "sha256:69545c35184a467cef4ed3dc2fc944f9f554b162c9127c20cd8b7d021ac278dd"},
    {file = "python_sat-0.1.8.dev10-cp39-cp39-manylinux_2_5_i686.manylinux1_i686.whl", hash = "sha256:d2e9f02887ecf84851af672b5fe76f212c8e8a6f9f9616411da9f2c384b7eb3a"},
    {file = "python_sat-0.1.8.dev10-cp39-cp39-manylinux_2_5_x86_64.manylinux1_x86_64.manylinux_2_17_x86_64.manylinux2014_x86_64.whl", hash = "sha256:d77d8bbe0f154cf1ea46e773a183a8a78fc7a4284ef2ae222627f00a445fefee"},
    {file = "python_sat-0.1.8.dev10-cp39-cp39-manylinux_2_5_x86_64.manylinux1_x86_64.manylinux_2_28_x86_64.whl", hash = "sha256:1d2aa499d9735b4fe9fc6406e73d7544f02eb4f2381e6449c055b574cf22d294"},
    {file = "python_sat-0.1.8.dev10-cp39-cp39-manylinux_2_5_x86_64.manylinux1_x86_64.whl", hash = "sha256:47be7a6ca554dfef309a985244de97239d4cd7266135cc11559006cae5d8701a"},
    {file = "python_sat-0.1.8.dev10-cp39-cp39-win_amd64.whl", hash = "sha256:e4a201a6c434bb48393b0da3f9a28bb4fba65aee3fddac7f3ba95f3dc0322e4a"},
    {file = "python_sat-0.1.8.dev10-pp310-pypy310_pp73-macosx_10_9_x86_64.whl", hash = "sha256:a5855a3372592b3872095ac39b7634b987c9b83d023db543978e3fc166eca185"},
    {file = "python_sat-0.1.8.dev10-pp310-pypy310_pp73-macosx_11_0_arm64.whl", hash = "sha256:800025857db648fef46be530a00f15136e82ad233b477684f0e7a25f2a2764cb"},
    {file = "python_sat-0.1.8.dev10-pp310-pypy310_pp73-manylinux_2_17_i686.manylinux2014_i686.whl", hash = "sha256:8c27821f56f03494089f48ee85878b7813eb937b278de5ffb9c303685a85d3a8"},
    {file = "python_sat-0.1.8.dev10-pp310-pypy310_pp73-manylinux_2_17_x86_64.manylinux2014_x86_64.manylinux_2_28_x86_64.whl", hash = "sha256:9803e1121a078c7ae9b098cf92bbaafc4e7ad11582c506f293fb47a7640d05f2"},
    {file = "python_sat-0.1.8.dev10-pp310-pypy310_pp73-manylinux_2_17_x86_64.manylinux2014_x86_64.whl", hash = "sha256:c50c9aa0976c0faf0ccc118e3b084f6036c3b779c73b13f35597ea0a58cd4cc1"},
    {file = "python_sat-0.1.8.dev10-pp310-pypy310_pp73-manylinux_2_24_aarch64.manylinux_2_28_aarch64.whl", hash = "sha256:e860059652258ff1960bd75da649104ac5098a7bedbe32211653d00dc463829a"},
    {file = "python_sat-0.1.8.dev10-pp37-pypy37_pp73-manylinux_2_17_aarch64.manylinux2014_aarch64.manylinux_2_28_aarch64.whl", hash = "sha256:3c4a89373d3f9bb78d9bddb8386c75b469f4ae4f5bf4afdde5427fbdc9213f9e"},
    {file = "python_sat-0.1.8.dev10-pp37-pypy37_pp73-manylinux_2_17_aarch64.manylinux2014_aarch64.whl", hash = "sha256:3caffb09fd5a9e541211f13b075a697ff0a35d77cbfd3e9f0c2454c1a788e6c4"},
    {file = "python_sat-0.1.8.dev10-pp37-pypy37_pp73-manylinux_2_17_i686.manylinux2014_i686.whl", hash = "sha256:0535f263fa4c429969c6acc012d591998222a65bef0bdb79d09493cc4385bfa6"},
    {file = "python_sat-0.1.8.dev10-pp37-pypy37_pp73-manylinux_2_17_x86_64.manylinux2014_x86_64.manylinux_2_28_x86_64.whl", hash = "sha256:ccc67473a7e1384cfca3004efc98c6de9f86d4f9ad2622ad8f50f69aa26152f2"},
    {file = "python_sat-0.1.8.dev10-pp37-pypy37_pp73-manylinux_2_17_x86_64.manylinux2014_x86_64.whl", hash = "sha256:c059db0511fbf79d7dbbe00da8dc132e5f33797fde835966bce8a6408b31e1be"},
    {file = "python_sat-0.1.8.dev10-pp38-pypy38_pp73-manylinux_2_17_aarch64.manylinux2014_aarch64.manylinux_2_28_aarch64.whl", hash = "sha256:3381ab39ba9df561193ff2fa5fe2d3ee65477380dd20fca637fda4599a858f03"},
    {file = "python_sat-0.1.8.dev10-pp38-pypy38_pp73-manylinux_2_17_aarch64.manylinux2014_aarch64.whl", hash = "sha256:3a48011ed8fd47a330aabe471a46e629004823281a09467e231cb9a7078a51c1"},
    {file = "python_sat-0.1.8.dev10-pp38-pypy38_pp73-manylinux_2_17_i686.manylinux2014_i686.whl", hash = "sha256:61a972925cc3b0d8e3181a59eb86b28f50a9123bbdccc110fedca4d4fb99eb43"},
    {file = "python_sat-0.1.8.dev10-pp38-pypy38_pp73-manylinux_2_17_x86_64.manylinux2014_x86_64.manylinux_2_28_x86_64.whl", hash = "sha256:bcc8d3fa89ed13c116d546f6e47b2a44f9cebaeaa930a1405735c1a42daf3bc9"},
    {file = "python_sat-0.1.8.dev10-pp38-pypy38_pp73-manylinux_2_17_x86_64.manylinux2014_x86_64.whl", hash = "sha256:279e4e2ee4aa2c72a31894dd969a875299201b22a427fa5bf3d1269c05a4c185"},
    {file = "python_sat-0.1.8.dev10-pp39-pypy39_pp73-macosx_10_9_x86_64.whl", hash = "sha256:41b87339f0c2b5dedef2101469d486292b534c3c11b58dc3154efddcf70aee4c"},
    {file = "python_sat-0.1.8.dev10-pp39-pypy39_pp73-macosx_11_0_arm64.whl", hash = "sha256:9eb2f0c2fd7b3d25accda38364d7add01198f53cf9b8ae914e5e4c39eb588013"},
    {file = "python_sat-0.1.8.dev10-pp39-pypy39_pp73-manylinux_2_17_aarch64.manylinux2014_aarch64.manylinux_2_28_aarch64.whl", hash = "sha256:85036626a534819e6c9e1550ef8f5fb764b03b078a06d4c3cf98c92dc2e7a7c0"},
    {file = "python_sat-0.1.8.dev10-pp39-pypy39_pp73-manylinux_2_17_aarch64.manylinux2014_aarch64.whl", hash = "sha256:5f23bb82a7d7be4b6d7b4c9eecd50eb91a5844887ee52caa50261d9982e57cb2"},
    {file = "python_sat-0.1.8.dev10-pp39-pypy39_pp73-manylinux_2_17_i686.manylinux2014_i686.whl", hash = "sha256:0d3d1860abf08b635fda9b7ec9b01cd1ce0f53db635375193c1cc90fe474c815"},
    {file = "python_sat-0.1.8.dev10-pp39-pypy39_pp73-manylinux_2_17_x86_64.manylinux2014_x86_64.manylinux_2_28_x86_64.whl", hash = "sha256:b43e2888d75a9dfd29db2ad1fb86280debb8476bef12ea42c7bc30ecd920f425"},
    {file = "python_sat-0.1.8.dev10-pp39-pypy39_pp73-manylinux_2_17_x86_64.manylinux2014_x86_64.whl", hash = "sha256:d97fc3b77843d74ba2a8bd2608c54198b6e695d767d77071812f153420de2661"},
]

[package.dependencies]
six = "*"

[package.extras]
aiger = ["py-aiger-cnf (>=2.0.0)"]
approxmc = ["pyapproxmc (>=4.1.8)"]
pblib = ["pypblib (>=0.0.3)"]

[[package]]
name = "six"
version = "1.16.0"
description = "Python 2 and 3 compatibility utilities"
category = "main"
optional = false
python-versions = ">=2.7, !=3.0.*, !=3.1.*, !=3.2.*"
files = [
    {file = "six-1.16.0-py2.py3-none-any.whl", hash = "sha256:8abb2f1d86890a2dfb989f9a77cfcfd3e47c2a354b01111771326f8aa26e0254"},
    {file = "six-1.16.0.tar.gz", hash = "sha256:1e61c37477a1626458e36f7b1d82aa5c9b094fa4802892072e49de9c60c4c926"},
]

[metadata]
lock-version = "2.0"
python-versions = ">=3.9,<3.13"
content-hash = "88bc95be8007d40a60141a5951ffee2183fa7082dac71c6fda4da0ebebd1f3ab"
