# This file is automatically @generated by Poetry 1.4.2 and should not be changed by hand.

[[package]]
name = "maturin"
version = "1.5.1"
description = "Build and publish crates with pyo3, rust-cpython and cffi bindings as well as rust binaries as python packages"
category = "dev"
optional = false
python-versions = ">=3.7"
files = [
    {file = "maturin-1.5.1-py3-none-linux_armv6l.whl", hash = "sha256:589e9b7024007e130b136ba6f1c2c8393a87e42cf968d12852913ab1e3c69ed3"},
    {file = "maturin-1.5.1-py3-none-macosx_10_12_x86_64.macosx_11_0_arm64.macosx_10_12_universal2.whl", hash = "sha256:a1abda07093b3c8ef897626166c02ed64e3e446c48460b28efb51833abf89cbb"},
    {file = "maturin-1.5.1-py3-none-macosx_10_12_x86_64.whl", hash = "sha256:48a1fbbdc2514525f27d6d339ab97b098ede28759f8593d110c89cc07bbe40ed"},
    {file = "maturin-1.5.1-py3-none-manylinux_2_12_i686.manylinux2010_i686.musllinux_1_1_i686.whl", hash = "sha256:96d96b1fa3a165db9ca539f764d31da8ebc92e31ca3a1dd6ccd50008d222bd96"},
    {file = "maturin-1.5.1-py3-none-manylinux_2_12_x86_64.manylinux2010_x86_64.musllinux_1_1_x86_64.whl", hash = "sha256:786bf36a98c4e27cbebb1dc8e432c1bcbbb59e7a9719592cbb89e46a0ccd5bcc"},
    {file = "maturin-1.5.1-py3-none-manylinux_2_17_aarch64.manylinux2014_aarch64.musllinux_1_1_aarch64.whl", hash = "sha256:d821b37da759884ad09cfee4cd9deac10f4132744cc66e4d9190a1972233bc83"},
    {file = "maturin-1.5.1-py3-none-manylinux_2_17_armv7l.manylinux2014_armv7l.musllinux_1_1_armv7l.whl", hash = "sha256:62133bf690555bbc8cc6b1c18a0c57b0ab2b4d68d3fcd320eb16df941563fe06"},
    {file = "maturin-1.5.1-py3-none-manylinux_2_17_ppc64le.manylinux2014_ppc64le.musllinux_1_1_ppc64le.whl", hash = "sha256:6bff165252b1fcc887679ddf7b71b5cc024327ba96ea893133be38c0ed38f163"},
    {file = "maturin-1.5.1-py3-none-manylinux_2_17_s390x.manylinux2014_s390x.whl", hash = "sha256:2c42a95466ffc3de0a3940cd20c57cf0c44fe5ea679375d73422afbb00236c64"},
    {file = "maturin-1.5.1-py3-none-win32.whl", hash = "sha256:d09538b4aa0da4b59fd47cb429003b45bfd5d801714adf1db2511bf8bdea532f"},
    {file = "maturin-1.5.1-py3-none-win_amd64.whl", hash = "sha256:a3db9054222ac79275e082b21cfd234b8e036714a4ff227a0a28f6a3ffa3744d"},
    {file = "maturin-1.5.1-py3-none-win_arm64.whl", hash = "sha256:acf528e51413f6ae489473d64116d8c83f140386349004949d29137c16a82193"},
    {file = "maturin-1.5.1.tar.gz", hash = "sha256:3dd834ece80edb866af18cbd4635e0ecac40139c726428d5f1849ae154b26dca"},
]

[package.dependencies]
tomli = {version = ">=1.1.0", markers = "python_version < \"3.11\""}

[package.extras]
patchelf = ["patchelf"]
zig = ["ziglang (>=0.10.0,<0.11.0)"]

[[package]]
name = "tomli"
version = "2.0.1"
description = "A lil' TOML parser"
category = "dev"
optional = false
python-versions = ">=3.7"
files = [
    {file = "tomli-2.0.1-py3-none-any.whl", hash = "sha256:939de3e7a6161af0c887ef91b7d41a53e7c5a1ca976325f429cb46ea9bc30ecc"},
    {file = "tomli-2.0.1.tar.gz", hash = "sha256:de526c12914f0c550d15924c62d72abc48d6fe7364aa87328337a31007fe8a4f"},
]

[metadata]
lock-version = "2.0"
python-versions = "^3.9"
content-hash = "5077a2498a8e3c311a88d4907609fa56d080af172c7ebe4261d2844265a7d7bd"
